
Microsoft Visual Studio Solution File, Format Version 12.00
# Visual Studio Version 17
VisualStudioVersion = 17.7.34031.279
MinimumVisualStudioVersion = 10.0.40219.1
Project("{FAE04EC0-301F-11D3-BF4B-00C04F79EFBC}") = "ACTUAL monogame, Dragons Clash COC inspired super cool game", "ACTUAL monogame, Dragons Clash COC inspired super cool game.csproj", "{0EE96700-C426-48B1-8ECB-893B6D322F50}"
EndProject
Global
	GlobalSection(SolutionConfigurationPlatforms) = preSolution
		Debug|Any CPU = Debug|Any CPU
		Release|Any CPU = Release|Any CPU
	EndGlobalSection
	GlobalSection(ProjectConfigurationPlatforms) = postSolution
		{0EE96700-C426-48B1-8ECB-893B6D322F50}.Debug|Any CPU.ActiveCfg = Debug|Any CPU
		{0EE96700-C426-48B1-8ECB-893B6D322F50}.Debug|Any CPU.Build.0 = Debug|Any CPU
		{0EE96700-C426-48B1-8ECB-893B6D322F50}.Release|Any CPU.ActiveCfg = Release|Any CPU
		{0EE96700-C426-48B1-8ECB-893B6D322F50}.Release|Any CPU.Build.0 = Release|Any CPU
	EndGlobalSection
	GlobalSection(SolutionProperties) = preSolution
		HideSolutionNode = FALSE
	EndGlobalSection
	GlobalSection(ExtensibilityGlobals) = postSolution
		SolutionGuid = {739AB1D5-9FC7-4D75-B213-B3614BB3958B}
	EndGlobalSection
EndGlobal
